<?xml version="1.0" encoding="utf-8"?>
<Project ToolsVersion="4.0" xmlns="http://schemas.microsoft.com/developer/msbuild/2003">
  <ItemGroup>
    <Filter Include="00. MainDlg">
      <UniqueIdentifier>{3fb3980e-8130-4525-81b6-142ea8ae7638}</UniqueIdentifier>
    </Filter>
    <Filter Include="98. Default">
      <UniqueIdentifier>{501d0f06-4668-4fe6-b50e-e8b1518ed98d}</UniqueIdentifier>
    </Filter>
    <Filter Include="99. Headers">
      <UniqueIdentifier>{d30170f0-067c-48b0-9f7b-bdc0587e15f4}</UniqueIdentifier>
    </Filter>
    <Filter Include="01. Model">
      <UniqueIdentifier>{28883600-c65f-4be7-8fa6-93d36b0dfdac}</UniqueIdentifier>
    </Filter>
  </ItemGroup>
  <ItemGroup>
    <ClInclude Include="AssimpDlg.h">
      <Filter>00. MainDlg</Filter>
    </ClInclude>
    <ClInclude Include="Assimp.h">
      <Filter>98. Default</Filter>
    </ClInclude>
    <ClInclude Include="framework.h">
      <Filter>98. Default</Filter>
    </ClInclude>
    <ClInclude Include="pch.h">
      <Filter>98. Default</Filter>
    </ClInclude>
    <ClInclude Include="Resource.h">
      <Filter>98. Default</Filter>
    </ClInclude>
    <ClInclude Include="targetver.h">
      <Filter>98. Default</Filter>
    </ClInclude>
    <ClInclude Include="..\public\AIModel.h">
      <Filter>01. Model</Filter>
    </ClInclude>
    <ClInclude Include="..\Public\Assimp_Defines.h">
      <Filter>99. Headers</Filter>
    </ClInclude>
  </ItemGroup>
  <ItemGroup>
    <ClCompile Include="AssimpDlg.cpp">
      <Filter>00. MainDlg</Filter>
    </ClCompile>
    <ClCompile Include="pch.cpp">
      <Filter>98. Default</Filter>
    </ClCompile>
    <ClCompile Include="Assimp.cpp">
      <Filter>98. Default</Filter>
    </ClCompile>
    <ClCompile Include="..\private\AIModel.cpp">
      <Filter>01. Model</Filter>
    </ClCompile>
  </ItemGroup>
  <ItemGroup>
    <None Include="res\Assimp.rc2">
      <Filter>98. Default</Filter>
    </None>
  </ItemGroup>
  <ItemGroup>
    <Image Include="res\Assimp.ico">
      <Filter>98. Default</Filter>
    </Image>
  </ItemGroup>
  <ItemGroup>
    <ResourceCompile Include="Assimp.rc">
      <Filter>98. Default</Filter>
    </ResourceCompile>
  </ItemGroup>
</Project>