<?xml version="1.0" encoding="utf-8"?>
<Project ToolsVersion="4.0" xmlns="http://schemas.microsoft.com/developer/msbuild/2003">
  <ItemGroup>
    <Filter Include="00. System">
      <UniqueIdentifier>{6a6da614-d54e-40a2-aac3-65cfd1b058d0}</UniqueIdentifier>
    </Filter>
    <Filter Include="01. Utility">
      <UniqueIdentifier>{cc9d4822-5043-49e2-8914-7648d8fab1b8}</UniqueIdentifier>
    </Filter>
    <Filter Include="99. Headers">
      <UniqueIdentifier>{af2c0b11-c909-4ad3-b09c-185746a94002}</UniqueIdentifier>
    </Filter>
    <Filter Include="00. System\00. Device">
      <UniqueIdentifier>{bb07352f-ca7a-42eb-8b7e-3db1c1e795ba}</UniqueIdentifier>
    </Filter>
    <Filter Include="01. Utility\00. GameInstance">
      <UniqueIdentifier>{5ebadae6-c679-4c90-86ea-2a4965c61c84}</UniqueIdentifier>
    </Filter>
    <Filter Include="00. System\01. Timer">
      <UniqueIdentifier>{1308f743-d054-46ed-b17c-bbd06cc207f4}</UniqueIdentifier>
    </Filter>
    <Filter Include="00. System\00. Device\00. Graphic">
      <UniqueIdentifier>{a5a5a1a8-a023-4a9d-9c10-904b32f4f357}</UniqueIdentifier>
    </Filter>
    <Filter Include="00. System\00. Device\01. Input">
      <UniqueIdentifier>{3848ba0e-8a13-4d09-b199-7053b42dd33d}</UniqueIdentifier>
    </Filter>
  </ItemGroup>
  <ItemGroup>
    <ClInclude Include="..\public\GameInstance.h">
      <Filter>01. Utility\00. GameInstance</Filter>
    </ClInclude>
    <ClInclude Include="..\Public\Engine_Defines.h">
      <Filter>99. Headers</Filter>
    </ClInclude>
    <ClInclude Include="..\Public\Engine_Macro.h">
      <Filter>99. Headers</Filter>
    </ClInclude>
    <ClInclude Include="..\Public\Engine_Typedef.h">
      <Filter>99. Headers</Filter>
    </ClInclude>
    <ClInclude Include="..\Public\Engine_Struct.h">
      <Filter>99. Headers</Filter>
    </ClInclude>
    <ClInclude Include="..\public\Graphic_Device.h">
      <Filter>00. System\00. Device\00. Graphic</Filter>
    </ClInclude>
  </ItemGroup>
  <ItemGroup>
    <ClCompile Include="..\private\GameInstance.cpp">
      <Filter>01. Utility\00. GameInstance</Filter>
    </ClCompile>
    <ClCompile Include="..\private\Graphic_Device.cpp">
      <Filter>00. System\00. Device\00. Graphic</Filter>
    </ClCompile>
  </ItemGroup>
</Project>